<?xml version="1.0" encoding="utf-8"?>
<Project ToolsVersion="4.0" xmlns="http://schemas.microsoft.com/developer/msbuild/2003">
  <ItemGroup>
    <ClCompile Include="main.cpp" />
    <ClCompile Include="..\Classes\imgui\CCIMGUI.cpp">
      <Filter>imgui</Filter>
    </ClCompile>
    <ClCompile Include="..\Classes\imgui\CCIMGUIGLViewImpl.cpp">
      <Filter>imgui</Filter>
    </ClCompile>
    <ClCompile Include="..\Classes\imgui\CCImGuiLayer.cpp">
      <Filter>imgui</Filter>
    </ClCompile>
    <ClCompile Include="..\Classes\imgui\imgui.cpp">
      <Filter>imgui</Filter>
    </ClCompile>
    <ClCompile Include="..\Classes\imgui\imgui_demo.cpp">
      <Filter>imgui</Filter>
    </ClCompile>
    <ClCompile Include="..\Classes\imgui\imgui_draw.cpp">
      <Filter>imgui</Filter>
    </ClCompile>
    <ClCompile Include="..\Classes\imgui\imgui_impl_cocos2dx.cpp">
      <Filter>imgui</Filter>
    </ClCompile>
    <ClCompile Include="..\Classes\imgui\imgui_widgets.cpp">
      <Filter>imgui</Filter>
    </ClCompile>
    <ClCompile Include="..\Classes\AppDelegate.cpp" />
    <ClCompile Include="..\Classes\IShootingPattern.cpp" />
    <ClCompile Include="..\Classes\MainScene.cpp" />
    <ClCompile Include="..\Classes\ShootingCharacter.cpp" />
    <ClCompile Include="..\Classes\TileMapManager.cpp" />
    <ClCompile Include="..\Classes\enemies\AgressiveBehaviour.cpp">
      <Filter>enemies\enemyType</Filter>
    </ClCompile>
    <ClCompile Include="..\Classes\enemies\IdleBehaviour.cpp">
      <Filter>enemies\enemyType</Filter>
    </ClCompile>
    <ClCompile Include="..\Classes\enemies\SimpleEnemy.cpp">
      <Filter>enemies\enemyBehaviour</Filter>
    </ClCompile>
    <ClCompile Include="..\Classes\enemies\Boss.cpp">
      <Filter>enemies</Filter>
    </ClCompile>
    <ClCompile Include="..\Classes\enemies\Enemy.cpp">
      <Filter>enemies</Filter>
    </ClCompile>
    <ClCompile Include="..\Classes\enemies\EnemyFactory.cpp">
      <Filter>enemies</Filter>
    </ClCompile>
    <ClCompile Include="..\Classes\enemies\IEnemy.cpp">
      <Filter>enemies</Filter>
    </ClCompile>
    <ClCompile Include="..\Classes\Player.cpp">
      <Filter>player</Filter>
    </ClCompile>
    <ClCompile Include="..\Classes\ui\HUD.cpp">
      <Filter>ui</Filter>
    </ClCompile>
    <ClCompile Include="..\Classes\ui\MessageBox.cpp">
      <Filter>ui</Filter>
    </ClCompile>
    <ClCompile Include="..\Classes\bullets\Bullet.cpp">
      <Filter>bullets</Filter>
    </ClCompile>
    <ClCompile Include="..\Classes\bullets\BulletFactory.cpp">
      <Filter>bullets</Filter>
    </ClCompile>
    <ClCompile Include="..\Classes\bullets\IBulletMoveBehavior.cpp">
      <Filter>bullets</Filter>
    </ClCompile>
    <ClCompile Include="..\Classes\bullets\IBulletTypeCreator.cpp">
      <Filter>bullets</Filter>
    </ClCompile>
    <ClCompile Include="..\Classes\bullets\BigBullet.cpp">
      <Filter>bullets\bulletType</Filter>
    </ClCompile>
    <ClCompile Include="..\Classes\bullets\Ray.cpp">
      <Filter>bullets\bulletType</Filter>
    </ClCompile>
    <ClCompile Include="..\Classes\box2d\b2dRootWorldNode.cpp">
      <Filter>box2d</Filter>
    </ClCompile>
    <ClCompile Include="..\Classes\box2d\b2dSprite.cpp">
      <Filter>box2d</Filter>
    </ClCompile>
    <ClCompile Include="..\Classes\box2d\GameVars.cpp">
      <Filter>box2d</Filter>
    </ClCompile>
    <ClCompile Include="..\Classes\box2d\GLESDebugDraw.cpp">
      <Filter>box2d</Filter>
    </ClCompile>
    <ClCompile Include="..\Classes\PlayerHookBullet.cpp">
      <Filter>bullets</Filter>
    </ClCompile>
    <ClCompile Include="..\Classes\ContactListener.cpp">
      <Filter>contactListener</Filter>
    </ClCompile>
  </ItemGroup>
  <ItemGroup>
    <ClInclude Include="main.h" />
    <ClInclude Include="..\Classes\imgui\CCIMGUI.h">
      <Filter>imgui</Filter>
    </ClInclude>
    <ClInclude Include="..\Classes\imgui\CCIMGUIGLViewImpl.h">
      <Filter>imgui</Filter>
    </ClInclude>
    <ClInclude Include="..\Classes\imgui\CCImGuiLayer.h">
      <Filter>imgui</Filter>
    </ClInclude>
    <ClInclude Include="..\Classes\imgui\imconfig.h">
      <Filter>imgui</Filter>
    </ClInclude>
    <ClInclude Include="..\Classes\imgui\imgui.h">
      <Filter>imgui</Filter>
    </ClInclude>
    <ClInclude Include="..\Classes\imgui\imgui_impl_cocos2dx.h">
      <Filter>imgui</Filter>
    </ClInclude>
    <ClInclude Include="..\Classes\imgui\imgui_internal.h">
      <Filter>imgui</Filter>
    </ClInclude>
    <ClInclude Include="..\Classes\imgui\imstb_rectpack.h">
      <Filter>imgui</Filter>
    </ClInclude>
    <ClInclude Include="..\Classes\imgui\imstb_textedit.h">
      <Filter>imgui</Filter>
    </ClInclude>
    <ClInclude Include="..\Classes\imgui\imstb_truetype.h">
      <Filter>imgui</Filter>
    </ClInclude>
    <ClInclude Include="..\Classes\AppDelegate.h" />
    <ClInclude Include="..\Classes\IShootingPattern.h" />
    <ClInclude Include="..\Classes\MainScene.h" />
    <ClInclude Include="..\Classes\ShootingCharacter.h" />
    <ClInclude Include="..\Classes\TileMapManager.h" />
    <ClInclude Include="..\Classes\enemies\AgressiveBehaviour.h">
      <Filter>enemies\enemyType</Filter>
    </ClInclude>
    <ClInclude Include="..\Classes\enemies\IdleBehaviour.h">
      <Filter>enemies\enemyType</Filter>
    </ClInclude>
    <ClInclude Include="..\Classes\enemies\IEnemyBehaviour.h">
      <Filter>enemies\enemyType</Filter>
    </ClInclude>
    <ClInclude Include="..\Classes\enemies\IEnemyType.h">
      <Filter>enemies\enemyBehaviour</Filter>
    </ClInclude>
    <ClInclude Include="..\Classes\enemies\SimpleEnemy.h">
      <Filter>enemies\enemyBehaviour</Filter>
    </ClInclude>
    <ClInclude Include="..\Classes\enemies\Boss.h">
      <Filter>enemies</Filter>
    </ClInclude>
    <ClInclude Include="..\Classes\enemies\Enemy.h">
      <Filter>enemies</Filter>
    </ClInclude>
    <ClInclude Include="..\Classes\enemies\EnemyFactory.h">
      <Filter>enemies</Filter>
    </ClInclude>
    <ClInclude Include="..\Classes\enemies\IEnemy.h">
      <Filter>enemies</Filter>
    </ClInclude>
    <ClInclude Include="..\Classes\Player.h">
      <Filter>player</Filter>
    </ClInclude>
    <ClInclude Include="..\Classes\ui\HUD.h">
      <Filter>ui</Filter>
    </ClInclude>
    <ClInclude Include="..\Classes\ui\MessageBox.h">
      <Filter>ui</Filter>
    </ClInclude>
    <ClInclude Include="..\Classes\bullets\Bullet.h">
      <Filter>bullets</Filter>
    </ClInclude>
    <ClInclude Include="..\Classes\bullets\BulletFactory.h">
      <Filter>bullets</Filter>
    </ClInclude>
    <ClInclude Include="..\Classes\bullets\IBulletMoveBehavior.h">
      <Filter>bullets</Filter>
    </ClInclude>
    <ClInclude Include="..\Classes\bullets\IBulletTypeCreator.h">
      <Filter>bullets</Filter>
    </ClInclude>
    <ClInclude Include="..\Classes\bullets\BigBullet.h">
      <Filter>bullets\bulletType</Filter>
    </ClInclude>
    <ClInclude Include="..\Classes\bullets\Ray.h">
      <Filter>bullets\bulletType</Filter>
    </ClInclude>
    <ClInclude Include="..\Classes\box2d\b2dRootWorldNode.h">
      <Filter>box2d</Filter>
    </ClInclude>
    <ClInclude Include="..\Classes\box2d\b2dSprite.h">
      <Filter>box2d</Filter>
    </ClInclude>
    <ClInclude Include="..\Classes\box2d\GameVars.h">
      <Filter>box2d</Filter>
    </ClInclude>
    <ClInclude Include="..\Classes\box2d\GLESDebugDraw.h">
      <Filter>box2d</Filter>
    </ClInclude>
    <ClInclude Include="..\Classes\PlayerHookBullet.h">
      <Filter>bullets</Filter>
    </ClInclude>
    <ClInclude Include="..\Classes\ContactListener.h">
      <Filter>contactListener</Filter>
    </ClInclude>
  </ItemGroup>
  <ItemGroup>
    <ResourceCompile Include="game.rc" />
  </ItemGroup>
  <ItemGroup>
    <Filter Include="imgui">
      <UniqueIdentifier>{ad515ccc-f3f5-4df3-8431-609df3126831}</UniqueIdentifier>
    </Filter>
    <Filter Include="enemies">
      <UniqueIdentifier>{7c158a52-b445-4db9-aa90-7af4b8aa701b}</UniqueIdentifier>
    </Filter>
    <Filter Include="enemies\enemyType">
      <UniqueIdentifier>{f95ebfbd-d35e-4bd8-854e-3f4fa2885b4e}</UniqueIdentifier>
    </Filter>
    <Filter Include="enemies\enemyBehaviour">
      <UniqueIdentifier>{b24354d3-61f2-4597-a9e5-44316c524f6a}</UniqueIdentifier>
    </Filter>
    <Filter Include="bullets">
      <UniqueIdentifier>{decb3caa-57e8-4a9c-8f13-4bf79629f9ab}</UniqueIdentifier>
    </Filter>
    <Filter Include="player">
      <UniqueIdentifier>{43560a2a-802a-4f82-b6c4-60cef8271c7c}</UniqueIdentifier>
    </Filter>
    <Filter Include="ui">
      <UniqueIdentifier>{0e43985c-6dfc-4ef3-a5c2-9c04db557b87}</UniqueIdentifier>
    </Filter>
    <Filter Include="bullets\bulletType">
      <UniqueIdentifier>{42164804-16f9-4f14-a097-a4119c3408cc}</UniqueIdentifier>
    </Filter>
    <Filter Include="box2d">
      <UniqueIdentifier>{a5e85d1d-87b1-450f-83bd-498a21c6cbdd}</UniqueIdentifier>
    </Filter>
    <Filter Include="contactListener">
      <UniqueIdentifier>{a53533c0-d0a3-4b8c-a82e-5a04cb17e529}</UniqueIdentifier>
    </Filter>
  </ItemGroup>
</Project>