<?xml version="1.0" encoding="utf-8"?>
<Project ToolsVersion="4.0" xmlns="http://schemas.microsoft.com/developer/msbuild/2003">
  <ItemGroup>
    <ClCompile Include="..\Classes\imgui\CCIMGUI.cpp">
      <Filter>src\imgui</Filter>
    </ClCompile>
    <ClCompile Include="..\Classes\imgui\CCIMGUIGLViewImpl.cpp">
      <Filter>src\imgui</Filter>
    </ClCompile>
    <ClCompile Include="..\Classes\imgui\CCImGuiLayer.cpp">
      <Filter>src\imgui</Filter>
    </ClCompile>
    <ClCompile Include="..\Classes\imgui\imgui.cpp">
      <Filter>src\imgui</Filter>
    </ClCompile>
    <ClCompile Include="..\Classes\imgui\imgui_demo.cpp">
      <Filter>src\imgui</Filter>
    </ClCompile>
    <ClCompile Include="..\Classes\imgui\imgui_draw.cpp">
      <Filter>src\imgui</Filter>
    </ClCompile>
    <ClCompile Include="..\Classes\imgui\imgui_impl_cocos2dx.cpp">
      <Filter>src\imgui</Filter>
    </ClCompile>
    <ClCompile Include="..\Classes\imgui\imgui_widgets.cpp">
      <Filter>src\imgui</Filter>
    </ClCompile>
    <ClCompile Include="..\Classes\enemies\AgressiveBehaviour.cpp">
      <Filter>src\enemies\enemyBehaviour</Filter>
    </ClCompile>
    <ClCompile Include="..\Classes\enemies\IdleBehaviour.cpp">
      <Filter>src\enemies\enemyBehaviour</Filter>
    </ClCompile>
    <ClCompile Include="..\Classes\enemies\Boss.cpp">
      <Filter>src\enemies</Filter>
    </ClCompile>
    <ClCompile Include="..\Classes\enemies\Enemy.cpp">
      <Filter>src\enemies</Filter>
    </ClCompile>
    <ClCompile Include="..\Classes\enemies\IEnemy.cpp">
      <Filter>src\enemies</Filter>
    </ClCompile>
    <ClCompile Include="..\Classes\ui\HUD.cpp">
      <Filter>src\ui</Filter>
    </ClCompile>
    <ClCompile Include="..\Classes\ui\NoticeBox.cpp">
      <Filter>src\ui</Filter>
    </ClCompile>
    <ClCompile Include="..\Classes\bullets\Bullet.cpp">
      <Filter>src\bullets</Filter>
    </ClCompile>
    <ClCompile Include="..\Classes\bullets\BulletFactory.cpp">
      <Filter>src\bullets</Filter>
    </ClCompile>
    <ClCompile Include="..\Classes\bullets\IBulletTypeCreator.cpp">
      <Filter>src\bullets</Filter>
    </ClCompile>
    <ClCompile Include="..\Classes\bullets\BigBullet.cpp">
      <Filter>src\bullets\bulletType</Filter>
    </ClCompile>
    <ClCompile Include="..\Classes\bullets\Ray.cpp">
      <Filter>src\bullets\bulletType</Filter>
    </ClCompile>
    <ClCompile Include="..\Classes\box2d\b2dRootWorldNode.cpp">
      <Filter>src\box2d</Filter>
    </ClCompile>
    <ClCompile Include="..\Classes\box2d\b2dSprite.cpp">
      <Filter>src\box2d</Filter>
    </ClCompile>
    <ClCompile Include="..\Classes\box2d\GameVars.cpp">
      <Filter>src\box2d</Filter>
    </ClCompile>
    <ClCompile Include="..\Classes\box2d\GLESDebugDraw.cpp">
      <Filter>src\box2d</Filter>
    </ClCompile>
    <ClCompile Include="..\Classes\AppDelegate.cpp">
      <Filter>src</Filter>
    </ClCompile>
    <ClCompile Include="..\Classes\MainScene.cpp">
      <Filter>src</Filter>
    </ClCompile>
    <ClCompile Include="main.cpp">
      <Filter>win32</Filter>
    </ClCompile>
    <ClCompile Include="..\Classes\bullets\FireBullet.cpp">
      <Filter>src\bullets\bulletType</Filter>
    </ClCompile>
    <ClCompile Include="..\Classes\bullets\IceBullet.cpp">
      <Filter>src\bullets\bulletType</Filter>
    </ClCompile>
    <ClCompile Include="..\Classes\bullets\PlayerHookBullet.cpp">
      <Filter>src\bullets\bulletType</Filter>
    </ClCompile>
    <ClCompile Include="..\Classes\bullets\IShootingPattern.cpp">
      <Filter>src\bullets</Filter>
    </ClCompile>
    <ClCompile Include="..\Classes\player\Player.cpp">
      <Filter>src\player</Filter>
    </ClCompile>
    <ClCompile Include="..\Classes\contactListener\ContactListener.cpp">
      <Filter>src\contactListener</Filter>
    </ClCompile>
    <ClCompile Include="..\Classes\tiledMap\RayCastManager.cpp">
      <Filter>src\tiledMap</Filter>
    </ClCompile>
    <ClCompile Include="..\Classes\tiledMap\TileMapManager.cpp">
      <Filter>src\tiledMap</Filter>
    </ClCompile>
    <ClCompile Include="..\Classes\characters\MeleeCharacter.cpp">
      <Filter>src\characters</Filter>
    </ClCompile>
    <ClCompile Include="..\Classes\characters\ShootingCharacter.cpp">
      <Filter>src\characters</Filter>
    </ClCompile>
    <ClCompile Include="..\Classes\Trigger.cpp">
      <Filter>src</Filter>
    </ClCompile>
  </ItemGroup>
  <ItemGroup>
    <ClInclude Include="..\Classes\imgui\CCIMGUI.h">
      <Filter>src\imgui</Filter>
    </ClInclude>
    <ClInclude Include="..\Classes\imgui\CCIMGUIGLViewImpl.h">
      <Filter>src\imgui</Filter>
    </ClInclude>
    <ClInclude Include="..\Classes\imgui\CCImGuiLayer.h">
      <Filter>src\imgui</Filter>
    </ClInclude>
    <ClInclude Include="..\Classes\imgui\imconfig.h">
      <Filter>src\imgui</Filter>
    </ClInclude>
    <ClInclude Include="..\Classes\imgui\imgui.h">
      <Filter>src\imgui</Filter>
    </ClInclude>
    <ClInclude Include="..\Classes\imgui\imgui_impl_cocos2dx.h">
      <Filter>src\imgui</Filter>
    </ClInclude>
    <ClInclude Include="..\Classes\imgui\imgui_internal.h">
      <Filter>src\imgui</Filter>
    </ClInclude>
    <ClInclude Include="..\Classes\imgui\imstb_rectpack.h">
      <Filter>src\imgui</Filter>
    </ClInclude>
    <ClInclude Include="..\Classes\imgui\imstb_textedit.h">
      <Filter>src\imgui</Filter>
    </ClInclude>
    <ClInclude Include="..\Classes\imgui\imstb_truetype.h">
      <Filter>src\imgui</Filter>
    </ClInclude>
    <ClInclude Include="..\Classes\enemies\AgressiveBehaviour.h">
      <Filter>src\enemies\enemyBehaviour</Filter>
    </ClInclude>
    <ClInclude Include="..\Classes\enemies\IdleBehaviour.h">
      <Filter>src\enemies\enemyBehaviour</Filter>
    </ClInclude>
    <ClInclude Include="..\Classes\enemies\IEnemyBehaviour.h">
      <Filter>src\enemies\enemyBehaviour</Filter>
    </ClInclude>
    <ClInclude Include="..\Classes\enemies\Boss.h">
      <Filter>src\enemies</Filter>
    </ClInclude>
    <ClInclude Include="..\Classes\enemies\Enemy.h">
      <Filter>src\enemies</Filter>
    </ClInclude>
    <ClInclude Include="..\Classes\enemies\IEnemy.h">
      <Filter>src\enemies</Filter>
    </ClInclude>
    <ClInclude Include="..\Classes\ui\HUD.h">
      <Filter>src\ui</Filter>
    </ClInclude>
    <ClInclude Include="..\Classes\ui\NoticeBox.h">
      <Filter>src\ui</Filter>
    </ClInclude>
    <ClInclude Include="..\Classes\bullets\Bullet.h">
      <Filter>src\bullets</Filter>
    </ClInclude>
    <ClInclude Include="..\Classes\bullets\BulletFactory.h">
      <Filter>src\bullets</Filter>
    </ClInclude>
    <ClInclude Include="..\Classes\bullets\IBulletTypeCreator.h">
      <Filter>src\bullets</Filter>
    </ClInclude>
    <ClInclude Include="..\Classes\bullets\BigBullet.h">
      <Filter>src\bullets\bulletType</Filter>
    </ClInclude>
    <ClInclude Include="..\Classes\bullets\Ray.h">
      <Filter>src\bullets\bulletType</Filter>
    </ClInclude>
    <ClInclude Include="..\Classes\box2d\b2dRootWorldNode.h">
      <Filter>src\box2d</Filter>
    </ClInclude>
    <ClInclude Include="..\Classes\box2d\b2dSprite.h">
      <Filter>src\box2d</Filter>
    </ClInclude>
    <ClInclude Include="..\Classes\box2d\GameVars.h">
      <Filter>src\box2d</Filter>
    </ClInclude>
    <ClInclude Include="..\Classes\box2d\GLESDebugDraw.h">
      <Filter>src\box2d</Filter>
    </ClInclude>
    <ClInclude Include="..\Classes\AppDelegate.h">
      <Filter>src</Filter>
    </ClInclude>
    <ClInclude Include="..\Classes\MainScene.h">
      <Filter>src</Filter>
    </ClInclude>
    <ClInclude Include="main.h">
      <Filter>win32</Filter>
    </ClInclude>
    <ClInclude Include="..\Classes\bullets\FireBullet.h">
      <Filter>src\bullets\bulletType</Filter>
    </ClInclude>
    <ClInclude Include="..\Classes\bullets\IceBullet.h">
      <Filter>src\bullets\bulletType</Filter>
    </ClInclude>
    <ClInclude Include="..\Classes\bullets\PlayerHookBullet.h">
      <Filter>src\bullets\bulletType</Filter>
    </ClInclude>
    <ClInclude Include="..\Classes\bullets\IShootingPattern.h">
      <Filter>src\bullets</Filter>
    </ClInclude>
    <ClInclude Include="..\Classes\player\Player.h">
      <Filter>src\player</Filter>
    </ClInclude>
    <ClInclude Include="..\Classes\contactListener\ContactListener.h">
      <Filter>src\contactListener</Filter>
    </ClInclude>
    <ClInclude Include="..\Classes\tiledMap\RayCastManager.h">
      <Filter>src\tiledMap</Filter>
    </ClInclude>
    <ClInclude Include="..\Classes\tiledMap\TileMapManager.h">
      <Filter>src\tiledMap</Filter>
    </ClInclude>
    <ClInclude Include="..\Classes\characters\MeleeCharacter.h">
      <Filter>src\characters</Filter>
    </ClInclude>
    <ClInclude Include="..\Classes\characters\ShootingCharacter.h">
      <Filter>src\characters</Filter>
    </ClInclude>
    <ClInclude Include="..\Classes\Trigger.h">
      <Filter>src</Filter>
    </ClInclude>
  </ItemGroup>
  <ItemGroup>
    <Filter Include="src">
      <UniqueIdentifier>{581a5440-1a5b-42ba-a02a-1baed96a7ec4}</UniqueIdentifier>
    </Filter>
    <Filter Include="src\box2d">
      <UniqueIdentifier>{a5e85d1d-87b1-450f-83bd-498a21c6cbdd}</UniqueIdentifier>
    </Filter>
    <Filter Include="src\bullets">
      <UniqueIdentifier>{decb3caa-57e8-4a9c-8f13-4bf79629f9ab}</UniqueIdentifier>
    </Filter>
    <Filter Include="src\bullets\bulletType">
      <UniqueIdentifier>{42164804-16f9-4f14-a097-a4119c3408cc}</UniqueIdentifier>
    </Filter>
    <Filter Include="src\contactListener">
      <UniqueIdentifier>{a53533c0-d0a3-4b8c-a82e-5a04cb17e529}</UniqueIdentifier>
    </Filter>
    <Filter Include="src\enemies">
      <UniqueIdentifier>{7c158a52-b445-4db9-aa90-7af4b8aa701b}</UniqueIdentifier>
    </Filter>
    <Filter Include="src\imgui">
      <UniqueIdentifier>{ad515ccc-f3f5-4df3-8431-609df3126831}</UniqueIdentifier>
    </Filter>
    <Filter Include="src\player">
      <UniqueIdentifier>{43560a2a-802a-4f82-b6c4-60cef8271c7c}</UniqueIdentifier>
    </Filter>
    <Filter Include="src\ui">
      <UniqueIdentifier>{0e43985c-6dfc-4ef3-a5c2-9c04db557b87}</UniqueIdentifier>
    </Filter>
    <Filter Include="win32">
      <UniqueIdentifier>{cd815eff-2c67-4a01-ba05-df683cc1d326}</UniqueIdentifier>
    </Filter>
    <Filter Include="src\enemies\enemyBehaviour">
      <UniqueIdentifier>{f95ebfbd-d35e-4bd8-854e-3f4fa2885b4e}</UniqueIdentifier>
    </Filter>
    <Filter Include="Resources">
      <UniqueIdentifier>{71ff7850-068c-480a-97d8-b6285b7be36b}</UniqueIdentifier>
    </Filter>
    <Filter Include="src\tiledMap">
      <UniqueIdentifier>{3b98b72f-5d44-42ae-9d96-9d919bca99a5}</UniqueIdentifier>
    </Filter>
    <Filter Include="src\characters">
      <UniqueIdentifier>{b0e47200-681d-4536-b8e3-ed6940c5d489}</UniqueIdentifier>
    </Filter>
    <Filter Include="Resources\images">
      <UniqueIdentifier>{a3eb80d7-8e80-485a-89a4-21beb19f899d}</UniqueIdentifier>
    </Filter>
    <Filter Include="Resources\nodeProperties">
      <UniqueIdentifier>{d3f0ad76-9a1f-4c59-a49d-226a63f4df63}</UniqueIdentifier>
    </Filter>
  </ItemGroup>
  <ItemGroup>
    <ResourceCompile Include="game.rc">
      <Filter>Resources</Filter>
    </ResourceCompile>
  </ItemGroup>
  <ItemGroup>
    <Image Include="..\Resources\images\background.png">
      <Filter>Resources\images</Filter>
    </Image>
    <Image Include="..\Resources\images\BigBullet.png">
      <Filter>Resources\images</Filter>
    </Image>
    <Image Include="..\Resources\images\BigFire.png">
      <Filter>Resources\images</Filter>
    </Image>
    <Image Include="..\Resources\images\bullet.png">
      <Filter>Resources\images</Filter>
    </Image>
    <Image Include="..\Resources\images\Fire.png">
      <Filter>Resources\images</Filter>
    </Image>
    <Image Include="..\Resources\images\Flying_enemy.png">
      <Filter>Resources\images</Filter>
    </Image>
    <Image Include="..\Resources\images\Flying_enemy_anim.png">
      <Filter>Resources\images</Filter>
    </Image>
    <Image Include="..\Resources\images\hpBase.png">
      <Filter>Resources\images</Filter>
    </Image>
    <Image Include="..\Resources\images\hpLife.png">
      <Filter>Resources\images</Filter>
    </Image>
    <Image Include="..\Resources\images\Ice.png">
      <Filter>Resources\images</Filter>
    </Image>
    <Image Include="..\Resources\images\IceBlast.png">
      <Filter>Resources\images</Filter>
    </Image>
    <Image Include="..\Resources\images\Mana.png">
      <Filter>Resources\images</Filter>
    </Image>
    <Image Include="..\Resources\images\Mega.png">
      <Filter>Resources\images</Filter>
    </Image>
    <Image Include="..\Resources\images\melee.png">
      <Filter>Resources\images</Filter>
    </Image>
    <Image Include="..\Resources\images\PAPAABOBA_anim.png">
      <Filter>Resources\images</Filter>
    </Image>
    <Image Include="..\Resources\images\paper.png">
      <Filter>Resources\images</Filter>
    </Image>
    <Image Include="..\Resources\images\Tur_64.png">
      <Filter>Resources\images</Filter>
    </Image>
    <Image Include="..\Resources\images\Tur_idle_anim.png">
      <Filter>Resources\images</Filter>
    </Image>
    <Image Include="..\Resources\images\Tur_jump_anim.png">
      <Filter>Resources\images</Filter>
    </Image>
    <Image Include="..\Resources\images\Turtle_anim.png">
      <Filter>Resources\images</Filter>
    </Image>
    <Image Include="..\Resources\images\Hook.png">
      <Filter>Resources\images</Filter>
    </Image>
    <Image Include="..\Resources\images\Tur_move_anim.png">
      <Filter>Resources\images</Filter>
    </Image>
  </ItemGroup>
  <ItemGroup>
    <None Include="..\Resources\nodeProperties\enemies.json">
      <Filter>Resources\nodeProperties</Filter>
    </None>
    <None Include="..\Resources\nodeProperties\player.json">
      <Filter>Resources\nodeProperties</Filter>
    </None>
  </ItemGroup>
</Project>