<?xml version="1.0" encoding="utf-8"?>
<Project ToolsVersion="4.0" xmlns="http://schemas.microsoft.com/developer/msbuild/2003">
  <ItemGroup>
    <ClCompile Include="..\Classes\AppDelegate.cpp">
      <Filter>src</Filter>
    </ClCompile>
    <ClCompile Include="..\Classes\MainScene.cpp">
      <Filter>src</Filter>
    </ClCompile>
    <ClCompile Include="..\Classes\Trigger.cpp">
      <Filter>src</Filter>
    </ClCompile>
    <ClCompile Include="..\Classes\box2d\b2dRootWorldNode.cpp">
      <Filter>src\box2d</Filter>
    </ClCompile>
    <ClCompile Include="..\Classes\box2d\b2dSprite.cpp">
      <Filter>src\box2d</Filter>
    </ClCompile>
    <ClCompile Include="..\Classes\box2d\GameVars.cpp">
      <Filter>src\box2d</Filter>
    </ClCompile>
    <ClCompile Include="..\Classes\box2d\GLESDebugDraw.cpp">
      <Filter>src\box2d</Filter>
    </ClCompile>
    <ClCompile Include="..\Classes\imgui\CCIMGUI.cpp">
      <Filter>src\imgui</Filter>
    </ClCompile>
    <ClCompile Include="..\Classes\imgui\CCIMGUIGLViewImpl.cpp">
      <Filter>src\imgui</Filter>
    </ClCompile>
    <ClCompile Include="..\Classes\imgui\CCImGuiLayer.cpp">
      <Filter>src\imgui</Filter>
    </ClCompile>
    <ClCompile Include="..\Classes\imgui\imgui.cpp">
      <Filter>src\imgui</Filter>
    </ClCompile>
    <ClCompile Include="..\Classes\imgui\imgui_demo.cpp">
      <Filter>src\imgui</Filter>
    </ClCompile>
    <ClCompile Include="..\Classes\imgui\imgui_draw.cpp">
      <Filter>src\imgui</Filter>
    </ClCompile>
    <ClCompile Include="..\Classes\imgui\imgui_impl_cocos2dx.cpp">
      <Filter>src\imgui</Filter>
    </ClCompile>
    <ClCompile Include="..\Classes\imgui\imgui_widgets.cpp">
      <Filter>src\imgui</Filter>
    </ClCompile>
    <ClCompile Include="..\Classes\characters\MeleeCharacter.cpp">
      <Filter>src\characters</Filter>
    </ClCompile>
    <ClCompile Include="..\Classes\characters\ShootingCharacter.cpp">
      <Filter>src\characters</Filter>
    </ClCompile>
    <ClCompile Include="..\Classes\bullets\Bullet.cpp">
      <Filter>src\bullets</Filter>
    </ClCompile>
    <ClCompile Include="..\Classes\bullets\BulletFactory.cpp">
      <Filter>src\bullets</Filter>
    </ClCompile>
    <ClCompile Include="..\Classes\bullets\IBulletTypeCreator.cpp">
      <Filter>src\bullets</Filter>
    </ClCompile>
    <ClCompile Include="..\Classes\bullets\IShootingPattern.cpp">
      <Filter>src\bullets</Filter>
    </ClCompile>
    <ClCompile Include="..\Classes\bullets\PlayerHookBullet.cpp">
      <Filter>src\bullets</Filter>
    </ClCompile>
    <ClCompile Include="..\Classes\bullets\Ray.cpp">
      <Filter>src\bullets</Filter>
    </ClCompile>
    <ClCompile Include="..\Classes\bullets\BigBullet.cpp">
      <Filter>src\bullets\bulletTypes</Filter>
    </ClCompile>
    <ClCompile Include="..\Classes\bullets\IceBullet.cpp">
      <Filter>src\bullets\bulletTypes</Filter>
    </ClCompile>
    <ClCompile Include="..\Classes\bullets\FireBullet.cpp">
      <Filter>src\bullets\bulletTypes</Filter>
    </ClCompile>
    <ClCompile Include="..\Classes\contactListener\ContactListener.cpp">
      <Filter>src\contactListener</Filter>
    </ClCompile>
    <ClCompile Include="..\Classes\enemies\Boss.cpp">
      <Filter>src\enemies</Filter>
    </ClCompile>
    <ClCompile Include="..\Classes\enemies\Enemy.cpp">
      <Filter>src\enemies</Filter>
    </ClCompile>
    <ClCompile Include="..\Classes\enemies\IEnemy.cpp">
      <Filter>src\enemies</Filter>
    </ClCompile>
    <ClCompile Include="..\Classes\enemies\AgressiveBehaviour.cpp">
      <Filter>src\enemies\enemyBehaviour</Filter>
    </ClCompile>
    <ClCompile Include="..\Classes\enemies\IdleBehaviour.cpp">
      <Filter>src\enemies\enemyBehaviour</Filter>
    </ClCompile>
    <ClCompile Include="..\Classes\tiledMap\RayCastManager.cpp">
      <Filter>src\tiledMap</Filter>
    </ClCompile>
    <ClCompile Include="..\Classes\tiledMap\TileMapManager.cpp">
      <Filter>src\tiledMap</Filter>
    </ClCompile>
    <ClCompile Include="..\Classes\ui\HUD.cpp">
      <Filter>src\ui</Filter>
    </ClCompile>
    <ClCompile Include="..\Classes\ui\NoticeBox.cpp">
      <Filter>src\ui</Filter>
    </ClCompile>
    <ClCompile Include="..\Classes\player\Player.cpp">
      <Filter>src\player</Filter>
    </ClCompile>
    <ClCompile Include="main.cpp">
      <Filter>main</Filter>
    </ClCompile>
    <ClCompile Include="..\Classes\ui\GameOverScreen.cpp">
      <Filter>src\ui</Filter>
    </ClCompile>
    <ClCompile Include="..\Classes\MainMenu.cpp">
      <Filter>src\ui</Filter>
    </ClCompile>
  </ItemGroup>
  <ItemGroup>
    <ClInclude Include="..\Classes\AppDelegate.h">
      <Filter>src</Filter>
    </ClInclude>
    <ClInclude Include="..\Classes\MainScene.h">
      <Filter>src</Filter>
    </ClInclude>
    <ClInclude Include="..\Classes\Trigger.h">
      <Filter>src</Filter>
    </ClInclude>
    <ClInclude Include="..\Classes\box2d\b2dRootWorldNode.h">
      <Filter>src\box2d</Filter>
    </ClInclude>
    <ClInclude Include="..\Classes\box2d\b2dSprite.h">
      <Filter>src\box2d</Filter>
    </ClInclude>
    <ClInclude Include="..\Classes\box2d\GameVars.h">
      <Filter>src\box2d</Filter>
    </ClInclude>
    <ClInclude Include="..\Classes\box2d\GLESDebugDraw.h">
      <Filter>src\box2d</Filter>
    </ClInclude>
    <ClInclude Include="..\Classes\imgui\CCIMGUI.h">
      <Filter>src\imgui</Filter>
    </ClInclude>
    <ClInclude Include="..\Classes\imgui\CCIMGUIGLViewImpl.h">
      <Filter>src\imgui</Filter>
    </ClInclude>
    <ClInclude Include="..\Classes\imgui\CCImGuiLayer.h">
      <Filter>src\imgui</Filter>
    </ClInclude>
    <ClInclude Include="..\Classes\imgui\imconfig.h">
      <Filter>src\imgui</Filter>
    </ClInclude>
    <ClInclude Include="..\Classes\imgui\imgui.h">
      <Filter>src\imgui</Filter>
    </ClInclude>
    <ClInclude Include="..\Classes\imgui\imgui_impl_cocos2dx.h">
      <Filter>src\imgui</Filter>
    </ClInclude>
    <ClInclude Include="..\Classes\imgui\imgui_internal.h">
      <Filter>src\imgui</Filter>
    </ClInclude>
    <ClInclude Include="..\Classes\imgui\imstb_rectpack.h">
      <Filter>src\imgui</Filter>
    </ClInclude>
    <ClInclude Include="..\Classes\imgui\imstb_textedit.h">
      <Filter>src\imgui</Filter>
    </ClInclude>
    <ClInclude Include="..\Classes\imgui\imstb_truetype.h">
      <Filter>src\imgui</Filter>
    </ClInclude>
    <ClInclude Include="..\Classes\characters\MeleeCharacter.h">
      <Filter>src\characters</Filter>
    </ClInclude>
    <ClInclude Include="..\Classes\characters\ShootingCharacter.h">
      <Filter>src\characters</Filter>
    </ClInclude>
    <ClInclude Include="..\Classes\bullets\Bullet.h">
      <Filter>src\bullets</Filter>
    </ClInclude>
    <ClInclude Include="..\Classes\bullets\BulletFactory.h">
      <Filter>src\bullets</Filter>
    </ClInclude>
    <ClInclude Include="..\Classes\bullets\IBulletTypeCreator.h">
      <Filter>src\bullets</Filter>
    </ClInclude>
    <ClInclude Include="..\Classes\bullets\IShootingPattern.h">
      <Filter>src\bullets</Filter>
    </ClInclude>
    <ClInclude Include="..\Classes\bullets\PlayerHookBullet.h">
      <Filter>src\bullets</Filter>
    </ClInclude>
    <ClInclude Include="..\Classes\bullets\Ray.h">
      <Filter>src\bullets</Filter>
    </ClInclude>
    <ClInclude Include="..\Classes\bullets\BigBullet.h">
      <Filter>src\bullets\bulletTypes</Filter>
    </ClInclude>
    <ClInclude Include="..\Classes\bullets\IceBullet.h">
      <Filter>src\bullets\bulletTypes</Filter>
    </ClInclude>
    <ClInclude Include="..\Classes\bullets\FireBullet.h">
      <Filter>src\bullets\bulletTypes</Filter>
    </ClInclude>
    <ClInclude Include="..\Classes\contactListener\ContactListener.h">
      <Filter>src\contactListener</Filter>
    </ClInclude>
    <ClInclude Include="..\Classes\enemies\Boss.h">
      <Filter>src\enemies</Filter>
    </ClInclude>
    <ClInclude Include="..\Classes\enemies\Enemy.h">
      <Filter>src\enemies</Filter>
    </ClInclude>
    <ClInclude Include="..\Classes\enemies\IEnemy.h">
      <Filter>src\enemies</Filter>
    </ClInclude>
    <ClInclude Include="..\Classes\enemies\AgressiveBehaviour.h">
      <Filter>src\enemies\enemyBehaviour</Filter>
    </ClInclude>
    <ClInclude Include="..\Classes\enemies\IdleBehaviour.h">
      <Filter>src\enemies\enemyBehaviour</Filter>
    </ClInclude>
    <ClInclude Include="..\Classes\enemies\IEnemyBehaviour.h">
      <Filter>src\enemies\enemyBehaviour</Filter>
    </ClInclude>
    <ClInclude Include="..\Classes\tiledMap\RayCastManager.h">
      <Filter>src\tiledMap</Filter>
    </ClInclude>
    <ClInclude Include="..\Classes\tiledMap\TileMapManager.h">
      <Filter>src\tiledMap</Filter>
    </ClInclude>
    <ClInclude Include="..\Classes\ui\HUD.h">
      <Filter>src\ui</Filter>
    </ClInclude>
    <ClInclude Include="..\Classes\ui\NoticeBox.h">
      <Filter>src\ui</Filter>
    </ClInclude>
    <ClInclude Include="..\Classes\player\Player.h">
      <Filter>src\player</Filter>
    </ClInclude>
    <ClInclude Include="main.h">
      <Filter>main</Filter>
    </ClInclude>
    <ClInclude Include="..\Classes\ui\GameOverScreen.h">
      <Filter>src\ui</Filter>
    </ClInclude>
    <ClInclude Include="..\Classes\MainMenu.h">
      <Filter>src\ui</Filter>
    </ClInclude>
  </ItemGroup>
  <ItemGroup>
    <Filter Include="src">
      <UniqueIdentifier>{fed8bbeb-fe0f-4e57-9115-39e60c002ebc}</UniqueIdentifier>
    </Filter>
    <Filter Include="Resources">
      <UniqueIdentifier>{9eedc86e-1569-491d-8cb7-35308d65c2b5}</UniqueIdentifier>
    </Filter>
    <Filter Include="src\box2d">
      <UniqueIdentifier>{cea35c97-46eb-42d2-9820-1b5be53c2c1d}</UniqueIdentifier>
    </Filter>
    <Filter Include="src\imgui">
      <UniqueIdentifier>{a46c5321-53fa-47ff-b21c-b43d8f411600}</UniqueIdentifier>
    </Filter>
    <Filter Include="src\player">
      <UniqueIdentifier>{d5e25f2b-c9ea-48f5-a15c-428abde3ef1e}</UniqueIdentifier>
    </Filter>
    <Filter Include="src\characters">
      <UniqueIdentifier>{438194c6-bd49-4191-9f11-43ebe47faca4}</UniqueIdentifier>
    </Filter>
    <Filter Include="src\enemies">
      <UniqueIdentifier>{f5d80d08-484f-4674-8595-c4f66ba0415c}</UniqueIdentifier>
    </Filter>
    <Filter Include="src\ui">
      <UniqueIdentifier>{8cb48bd4-3925-43bd-bc19-66cd53f4b815}</UniqueIdentifier>
    </Filter>
    <Filter Include="src\tiledMap">
      <UniqueIdentifier>{8b8f09e4-52c1-462b-8b4e-e65215d5ba36}</UniqueIdentifier>
    </Filter>
    <Filter Include="src\contactListener">
      <UniqueIdentifier>{a5cd1b2f-3829-45cf-bfb5-c432010d5a24}</UniqueIdentifier>
    </Filter>
    <Filter Include="src\bullets">
      <UniqueIdentifier>{0810bf1d-8da4-46ae-822b-8008f2ce5f36}</UniqueIdentifier>
    </Filter>
    <Filter Include="src\bullets\bulletTypes">
      <UniqueIdentifier>{02f92267-78e9-4f32-8618-f87ebd56d1e2}</UniqueIdentifier>
    </Filter>
    <Filter Include="src\enemies\enemyBehaviour">
      <UniqueIdentifier>{4f4af14e-1cd8-4b98-9530-191ca0f29c4a}</UniqueIdentifier>
    </Filter>
    <Filter Include="Resources\images">
      <UniqueIdentifier>{4802a615-5dc7-4cd1-b276-7305960bc646}</UniqueIdentifier>
    </Filter>
    <Filter Include="Resources\nodeProperties">
      <UniqueIdentifier>{dd78f9dd-a24e-46c1-9e1a-dde46516418a}</UniqueIdentifier>
    </Filter>
    <Filter Include="main">
      <UniqueIdentifier>{b76d419f-7822-4647-b3cf-b4b0e71e6172}</UniqueIdentifier>
    </Filter>
    <Filter Include="Resources\sounds">
      <UniqueIdentifier>{7ce96362-ffed-472d-ac95-4dc615e46f20}</UniqueIdentifier>
    </Filter>
  </ItemGroup>
  <ItemGroup>
    <Image Include="..\Resources\images\BigBullet.png">
      <Filter>Resources\images</Filter>
    </Image>
    <Image Include="..\Resources\images\BigFire.png">
      <Filter>Resources\images</Filter>
    </Image>
    <Image Include="..\Resources\images\bullet.png">
      <Filter>Resources\images</Filter>
    </Image>
    <Image Include="..\Resources\images\Fire.png">
      <Filter>Resources\images</Filter>
    </Image>
    <Image Include="..\Resources\images\Flying_enemy.png">
      <Filter>Resources\images</Filter>
    </Image>
    <Image Include="..\Resources\images\Flying_enemy_anim.png">
      <Filter>Resources\images</Filter>
    </Image>
    <Image Include="..\Resources\images\Hook.png">
      <Filter>Resources\images</Filter>
    </Image>
    <Image Include="..\Resources\images\hpBase.png">
      <Filter>Resources\images</Filter>
    </Image>
    <Image Include="..\Resources\images\hpLife.png">
      <Filter>Resources\images</Filter>
    </Image>
    <Image Include="..\Resources\images\Ice.png">
      <Filter>Resources\images</Filter>
    </Image>
    <Image Include="..\Resources\images\IceBlast.png">
      <Filter>Resources\images</Filter>
    </Image>
    <Image Include="..\Resources\images\Mana.png">
      <Filter>Resources\images</Filter>
    </Image>
    <Image Include="..\Resources\images\Mega.png">
      <Filter>Resources\images</Filter>
    </Image>
    <Image Include="..\Resources\images\melee.png">
      <Filter>Resources\images</Filter>
    </Image>
    <Image Include="..\Resources\images\PAPAABOBA_anim.png">
      <Filter>Resources\images</Filter>
    </Image>
    <Image Include="..\Resources\images\paper.png">
      <Filter>Resources\images</Filter>
    </Image>
    <Image Include="..\Resources\images\Tur_64.png">
      <Filter>Resources\images</Filter>
    </Image>
    <Image Include="..\Resources\images\Tur_idle_anim.png">
      <Filter>Resources\images</Filter>
    </Image>
    <Image Include="..\Resources\images\Tur_jump_anim.png">
      <Filter>Resources\images</Filter>
    </Image>
    <Image Include="..\Resources\images\Tur_move_anim.png">
      <Filter>Resources\images</Filter>
    </Image>
    <Image Include="..\Resources\images\Turtle_anim.png">
      <Filter>Resources\images</Filter>
    </Image>
    <Image Include="..\Resources\images\Wolf.png">
      <Filter>Resources\images</Filter>
    </Image>
    <Image Include="..\Resources\images\PAPAABOBA.png">
      <Filter>Resources\images</Filter>
    </Image>
    <Image Include="..\Resources\images\Turtle.png">
      <Filter>Resources\images</Filter>
    </Image>
    <Image Include="..\Resources\images\Clouds.png">
      <Filter>Resources\images</Filter>
    </Image>
    <Image Include="..\Resources\images\Mountain_back.png">
      <Filter>Resources\images</Filter>
    </Image>
    <Image Include="..\Resources\images\Mountains.png">
      <Filter>Resources\images</Filter>
    </Image>
    <Image Include="..\Resources\images\Sky.png">
      <Filter>Resources\images</Filter>
    </Image>
    <Image Include="..\Resources\images\Boss.png">
      <Filter>Resources\images</Filter>
    </Image>
    <Image Include="..\Resources\images\Boss_attack_anim.png">
      <Filter>Resources\images</Filter>
    </Image>
  </ItemGroup>
  <ItemGroup>
    <None Include="..\Resources\nodeProperties\bullets.json">
      <Filter>Resources\nodeProperties</Filter>
    </None>
    <None Include="..\Resources\nodeProperties\enemies.json">
      <Filter>Resources\nodeProperties</Filter>
    </None>
    <None Include="..\Resources\nodeProperties\player.json">
      <Filter>Resources\nodeProperties</Filter>
    </None>
  </ItemGroup>
  <ItemGroup>
    <ResourceCompile Include="game.rc">
      <Filter>Resources</Filter>
    </ResourceCompile>
  </ItemGroup>
  <ItemGroup>
    <Media Include="..\Resources\sounds\Fall.mp3">
      <Filter>Resources\sounds</Filter>
    </Media>
    <Media Include="..\Resources\sounds\Step.mp3">
      <Filter>Resources\sounds</Filter>
    </Media>
  </ItemGroup>
</Project>